
Microsoft Visual Studio Solution File, Format Version 12.00
# Visual Studio 14
VisualStudioVersion = 14.0.25420.1
MinimumVisualStudioVersion = 10.0.40219.1
Project("{FAE04EC0-301F-11D3-BF4B-00C04F79EFBC}") = "Nart", "Nart\Nart.csproj", "{EC9BD2EE-49CE-44B3-BAC2-A7EC3D2245AE}"
EndProject
Project("{8BC9CEB8-8B4A-11D0-8D11-00A0C91BC942}") = "UseCVLibrary", "UseCVLibrary\UseCVLibrary.vcxproj", "{29F503A7-B9E8-4C31-A9EB-87CCE6F88863}"
	ProjectSection(ProjectDependencies) = postProject
		{2A146381-8723-4BB3-856C-C19C435B9827} = {2A146381-8723-4BB3-856C-C19C435B9827}
	EndProjectSection
EndProject
Project("{8BC9CEB8-8B4A-11D0-8D11-00A0C91BC942}") = "GetCornerPoint", "GetCornerPoint\GetCornerPoint.vcxproj", "{2A146381-8723-4BB3-856C-C19C435B9827}"
EndProject
Project("{FAE04EC0-301F-11D3-BF4B-00C04F79EFBC}") = "NartControl", "NartControl\NartControl.csproj", "{485D41EF-60C0-412C-B28F-4F64C27C07D0}"
EndProject
Global
	GlobalSection(SolutionConfigurationPlatforms) = preSolution
		Debug|Any CPU = Debug|Any CPU
		Debug|x64 = Debug|x64
		Debug|x86 = Debug|x86
		Release|Any CPU = Release|Any CPU
		Release|x64 = Release|x64
		Release|x86 = Release|x86
	EndGlobalSection
	GlobalSection(ProjectConfigurationPlatforms) = postSolution
		{EC9BD2EE-49CE-44B3-BAC2-A7EC3D2245AE}.Debug|Any CPU.ActiveCfg = Debug|Any CPU
		{EC9BD2EE-49CE-44B3-BAC2-A7EC3D2245AE}.Debug|Any CPU.Build.0 = Debug|Any CPU
		{EC9BD2EE-49CE-44B3-BAC2-A7EC3D2245AE}.Debug|x64.ActiveCfg = Debug|Any CPU
		{EC9BD2EE-49CE-44B3-BAC2-A7EC3D2245AE}.Debug|x64.Build.0 = Debug|Any CPU
		{EC9BD2EE-49CE-44B3-BAC2-A7EC3D2245AE}.Debug|x86.ActiveCfg = Debug|Any CPU
		{EC9BD2EE-49CE-44B3-BAC2-A7EC3D2245AE}.Debug|x86.Build.0 = Debug|Any CPU
		{EC9BD2EE-49CE-44B3-BAC2-A7EC3D2245AE}.Release|Any CPU.ActiveCfg = Release|Any CPU
		{EC9BD2EE-49CE-44B3-BAC2-A7EC3D2245AE}.Release|Any CPU.Build.0 = Release|Any CPU
		{EC9BD2EE-49CE-44B3-BAC2-A7EC3D2245AE}.Release|x64.ActiveCfg = Debug|Any CPU
		{EC9BD2EE-49CE-44B3-BAC2-A7EC3D2245AE}.Release|x64.Build.0 = Debug|Any CPU
		{EC9BD2EE-49CE-44B3-BAC2-A7EC3D2245AE}.Release|x86.ActiveCfg = Release|Any CPU
		{EC9BD2EE-49CE-44B3-BAC2-A7EC3D2245AE}.Release|x86.Build.0 = Release|Any CPU
		{29F503A7-B9E8-4C31-A9EB-87CCE6F88863}.Debug|Any CPU.ActiveCfg = Debug|x64
		{29F503A7-B9E8-4C31-A9EB-87CCE6F88863}.Debug|x64.ActiveCfg = Debug|x64
		{29F503A7-B9E8-4C31-A9EB-87CCE6F88863}.Debug|x64.Build.0 = Debug|x64
		{29F503A7-B9E8-4C31-A9EB-87CCE6F88863}.Debug|x86.ActiveCfg = Debug|Win32
		{29F503A7-B9E8-4C31-A9EB-87CCE6F88863}.Debug|x86.Build.0 = Debug|Win32
		{29F503A7-B9E8-4C31-A9EB-87CCE6F88863}.Release|Any CPU.ActiveCfg = Release|Win32
		{29F503A7-B9E8-4C31-A9EB-87CCE6F88863}.Release|x64.ActiveCfg = Debug|x64
		{29F503A7-B9E8-4C31-A9EB-87CCE6F88863}.Release|x64.Build.0 = Debug|x64
		{29F503A7-B9E8-4C31-A9EB-87CCE6F88863}.Release|x86.ActiveCfg = Release|Win32
		{29F503A7-B9E8-4C31-A9EB-87CCE6F88863}.Release|x86.Build.0 = Release|Win32
		{2A146381-8723-4BB3-856C-C19C435B9827}.Debug|Any CPU.ActiveCfg = Debug|x64
		{2A146381-8723-4BB3-856C-C19C435B9827}.Debug|x64.ActiveCfg = Debug|x64
		{2A146381-8723-4BB3-856C-C19C435B9827}.Debug|x64.Build.0 = Debug|x64
		{2A146381-8723-4BB3-856C-C19C435B9827}.Debug|x86.ActiveCfg = Debug|Win32
		{2A146381-8723-4BB3-856C-C19C435B9827}.Debug|x86.Build.0 = Debug|Win32
		{2A146381-8723-4BB3-856C-C19C435B9827}.Release|Any CPU.ActiveCfg = Release|Win32
		{2A146381-8723-4BB3-856C-C19C435B9827}.Release|x64.ActiveCfg = Debug|x64
		{2A146381-8723-4BB3-856C-C19C435B9827}.Release|x64.Build.0 = Debug|x64
		{2A146381-8723-4BB3-856C-C19C435B9827}.Release|x86.ActiveCfg = Release|Win32
		{2A146381-8723-4BB3-856C-C19C435B9827}.Release|x86.Build.0 = Release|Win32
		{485D41EF-60C0-412C-B28F-4F64C27C07D0}.Debug|Any CPU.ActiveCfg = Debug|Any CPU
		{485D41EF-60C0-412C-B28F-4F64C27C07D0}.Debug|Any CPU.Build.0 = Debug|Any CPU
		{485D41EF-60C0-412C-B28F-4F64C27C07D0}.Debug|x64.ActiveCfg = Debug|Any CPU
		{485D41EF-60C0-412C-B28F-4F64C27C07D0}.Debug|x64.Build.0 = Debug|Any CPU
		{485D41EF-60C0-412C-B28F-4F64C27C07D0}.Debug|x86.ActiveCfg = Debug|Any CPU
		{485D41EF-60C0-412C-B28F-4F64C27C07D0}.Debug|x86.Build.0 = Debug|Any CPU
		{485D41EF-60C0-412C-B28F-4F64C27C07D0}.Release|Any CPU.ActiveCfg = Release|Any CPU
		{485D41EF-60C0-412C-B28F-4F64C27C07D0}.Release|Any CPU.Build.0 = Release|Any CPU
		{485D41EF-60C0-412C-B28F-4F64C27C07D0}.Release|x64.ActiveCfg = Debug|Any CPU
		{485D41EF-60C0-412C-B28F-4F64C27C07D0}.Release|x64.Build.0 = Debug|Any CPU
		{485D41EF-60C0-412C-B28F-4F64C27C07D0}.Release|x86.ActiveCfg = Release|Any CPU
		{485D41EF-60C0-412C-B28F-4F64C27C07D0}.Release|x86.Build.0 = Release|Any CPU
	EndGlobalSection
	GlobalSection(SolutionProperties) = preSolution
		HideSolutionNode = FALSE
	EndGlobalSection
EndGlobal
